
Microsoft Visual Studio Solution File, Format Version 12.00
# Visual Studio Version 16
VisualStudioVersion = 16.0.31025.194
MinimumVisualStudioVersion = 10.0.40219.1
Project("{2150E333-8FDC-42A3-9474-1A3956D46DE8}") = "src", "src", "{9A3415C5-CD65-492F-BB43-B804A646E905}"
EndProject
Project("{9A19103F-16F7-4668-BE54-9A1E7A4F7556}") = "Wikify.Archive", "src\Wikify.Archive\Wikify.Archive.csproj", "{6581561E-0B5E-4983-96A9-88F46D2A24D0}"
EndProject
Project("{9A19103F-16F7-4668-BE54-9A1E7A4F7556}") = "Wikify.Common", "src\Wikify.Common\Wikify.Common.csproj", "{819BE9CF-F3C8-4ECA-86BE-33DBFE304FD2}"
EndProject
Project("{9A19103F-16F7-4668-BE54-9A1E7A4F7556}") = "Wikify.Display", "src\Wikify.Display\Wikify.Display.csproj", "{D2A4D155-86D2-4445-8DEE-50D2B84EF81C}"
EndProject
Project("{9A19103F-16F7-4668-BE54-9A1E7A4F7556}") = "Wikify.License", "src\Wikify.License\Wikify.License.csproj", "{59125946-01F4-45DA-8CD2-D2CBC1EAE139}"
EndProject
Project("{2150E333-8FDC-42A3-9474-1A3956D46DE8}") = "test", "test", "{93AA739C-73A7-484C-A4F8-FAEC1C9CD7F5}"
EndProject
Project("{9A19103F-16F7-4668-BE54-9A1E7A4F7556}") = "Wikify.Parsing", "src\Wikify.Parsing\Wikify.Parsing.csproj", "{BAA52C6C-E655-4A64-9B3D-4B98D9E49E63}"
EndProject
Project("{FAE04EC0-301F-11D3-BF4B-00C04F79EFBC}") = "Wikify.Test", "test\Wikify.Test\Wikify.Test.csproj", "{0B41D057-3EFB-430F-B3C6-47AAFBD1DF28}"
EndProject
Global
	GlobalSection(SolutionConfigurationPlatforms) = preSolution
		Debug|Any CPU = Debug|Any CPU
		Release|Any CPU = Release|Any CPU
	EndGlobalSection
	GlobalSection(ProjectConfigurationPlatforms) = postSolution
		{6581561E-0B5E-4983-96A9-88F46D2A24D0}.Debug|Any CPU.ActiveCfg = Debug|Any CPU
		{6581561E-0B5E-4983-96A9-88F46D2A24D0}.Debug|Any CPU.Build.0 = Debug|Any CPU
		{6581561E-0B5E-4983-96A9-88F46D2A24D0}.Release|Any CPU.ActiveCfg = Release|Any CPU
		{6581561E-0B5E-4983-96A9-88F46D2A24D0}.Release|Any CPU.Build.0 = Release|Any CPU
		{819BE9CF-F3C8-4ECA-86BE-33DBFE304FD2}.Debug|Any CPU.ActiveCfg = Debug|Any CPU
		{819BE9CF-F3C8-4ECA-86BE-33DBFE304FD2}.Debug|Any CPU.Build.0 = Debug|Any CPU
		{819BE9CF-F3C8-4ECA-86BE-33DBFE304FD2}.Release|Any CPU.ActiveCfg = Release|Any CPU
		{819BE9CF-F3C8-4ECA-86BE-33DBFE304FD2}.Release|Any CPU.Build.0 = Release|Any CPU
		{D2A4D155-86D2-4445-8DEE-50D2B84EF81C}.Debug|Any CPU.ActiveCfg = Debug|Any CPU
		{D2A4D155-86D2-4445-8DEE-50D2B84EF81C}.Debug|Any CPU.Build.0 = Debug|Any CPU
		{D2A4D155-86D2-4445-8DEE-50D2B84EF81C}.Release|Any CPU.ActiveCfg = Release|Any CPU
		{D2A4D155-86D2-4445-8DEE-50D2B84EF81C}.Release|Any CPU.Build.0 = Release|Any CPU
		{59125946-01F4-45DA-8CD2-D2CBC1EAE139}.Debug|Any CPU.ActiveCfg = Debug|Any CPU
		{59125946-01F4-45DA-8CD2-D2CBC1EAE139}.Debug|Any CPU.Build.0 = Debug|Any CPU
		{59125946-01F4-45DA-8CD2-D2CBC1EAE139}.Release|Any CPU.ActiveCfg = Release|Any CPU
		{59125946-01F4-45DA-8CD2-D2CBC1EAE139}.Release|Any CPU.Build.0 = Release|Any CPU
		{BAA52C6C-E655-4A64-9B3D-4B98D9E49E63}.Debug|Any CPU.ActiveCfg = Debug|Any CPU
		{BAA52C6C-E655-4A64-9B3D-4B98D9E49E63}.Debug|Any CPU.Build.0 = Debug|Any CPU
		{BAA52C6C-E655-4A64-9B3D-4B98D9E49E63}.Release|Any CPU.ActiveCfg = Release|Any CPU
		{BAA52C6C-E655-4A64-9B3D-4B98D9E49E63}.Release|Any CPU.Build.0 = Release|Any CPU
		{0B41D057-3EFB-430F-B3C6-47AAFBD1DF28}.Debug|Any CPU.ActiveCfg = Debug|Any CPU
		{0B41D057-3EFB-430F-B3C6-47AAFBD1DF28}.Debug|Any CPU.Build.0 = Debug|Any CPU
		{0B41D057-3EFB-430F-B3C6-47AAFBD1DF28}.Release|Any CPU.ActiveCfg = Release|Any CPU
		{0B41D057-3EFB-430F-B3C6-47AAFBD1DF28}.Release|Any CPU.Build.0 = Release|Any CPU
	EndGlobalSection
	GlobalSection(SolutionProperties) = preSolution
		HideSolutionNode = FALSE
	EndGlobalSection
	GlobalSection(NestedProjects) = preSolution
		{6581561E-0B5E-4983-96A9-88F46D2A24D0} = {9A3415C5-CD65-492F-BB43-B804A646E905}
		{819BE9CF-F3C8-4ECA-86BE-33DBFE304FD2} = {9A3415C5-CD65-492F-BB43-B804A646E905}
		{D2A4D155-86D2-4445-8DEE-50D2B84EF81C} = {9A3415C5-CD65-492F-BB43-B804A646E905}
		{59125946-01F4-45DA-8CD2-D2CBC1EAE139} = {9A3415C5-CD65-492F-BB43-B804A646E905}
		{BAA52C6C-E655-4A64-9B3D-4B98D9E49E63} = {9A3415C5-CD65-492F-BB43-B804A646E905}
		{0B41D057-3EFB-430F-B3C6-47AAFBD1DF28} = {93AA739C-73A7-484C-A4F8-FAEC1C9CD7F5}
	EndGlobalSection
	GlobalSection(ExtensibilityGlobals) = postSolution
		SolutionGuid = {C57652F9-3FE1-4343-BBD4-8570FF838A22}
	EndGlobalSection
EndGlobal
